
Microsoft Visual Studio Solution File, Format Version 12.00
# Visual Studio Version 16
VisualStudioVersion = 16.0.31129.286
MinimumVisualStudioVersion = 10.0.40219.1
Project("{FAE04EC0-301F-11D3-BF4B-00C04F79EFBC}") = "Lab9", "Lab9\Lab9.csproj", "{B3B55C17-FA68-43DB-95B1-F1DA4C2ED4FF}"
EndProject
Global
	GlobalSection(SolutionConfigurationPlatforms) = preSolution
		Debug|Any CPU = Debug|Any CPU
		Release|Any CPU = Release|Any CPU
	EndGlobalSection
	GlobalSection(ProjectConfigurationPlatforms) = postSolution
		{B3B55C17-FA68-43DB-95B1-F1DA4C2ED4FF}.Debug|Any CPU.ActiveCfg = Debug|Any CPU
		{B3B55C17-FA68-43DB-95B1-F1DA4C2ED4FF}.Debug|Any CPU.Build.0 = Debug|Any CPU
		{B3B55C17-FA68-43DB-95B1-F1DA4C2ED4FF}.Release|Any CPU.ActiveCfg = Release|Any CPU
		{B3B55C17-FA68-43DB-95B1-F1DA4C2ED4FF}.Release|Any CPU.Build.0 = Release|Any CPU
	EndGlobalSection
	GlobalSection(SolutionProperties) = preSolution
		HideSolutionNode = FALSE
	EndGlobalSection
	GlobalSection(ExtensibilityGlobals) = postSolution
		SolutionGuid = {967D59B1-A04F-44DD-A3BD-9E05ADEAB7B1}
	EndGlobalSection
EndGlobal
